<?xml version="1.0" encoding="utf-8"?>
<Project ToolsVersion="4.0" xmlns="http://schemas.microsoft.com/developer/msbuild/2003">
  <ItemGroup>
    <Filter Include="Source Files">
      <UniqueIdentifier>{4FC737F1-C7A5-4376-A066-2A32D752A2FF}</UniqueIdentifier>
      <Extensions>cpp;c;cc;cxx;def;odl;idl;hpj;bat;asm;asmx</Extensions>
    </Filter>
    <Filter Include="Header Files">
      <UniqueIdentifier>{93995380-89BD-4b04-88EB-625FBE52EBFB}</UniqueIdentifier>
      <Extensions>h;hh;hpp;hxx;hm;inl;inc;ipp;xsd</Extensions>
    </Filter>
    <Filter Include="Resource Files">
      <UniqueIdentifier>{67DA6AB6-F800-4c08-8B7A-83BB121AAD01}</UniqueIdentifier>
      <Extensions>rc;ico;cur;bmp;dlg;rc2;rct;bin;rgs;gif;jpg;jpeg;jpe;resx;tiff;tif;png;wav;mfcribbon-ms</Extensions>
    </Filter>
    <Filter Include="Header Files\ViewEngine">
      <UniqueIdentifier>{2afc83a3-47b0-4b0d-a37d-d96c7943b411}</UniqueIdentifier>
    </Filter>
    <Filter Include="Source Files\ViewEngine">
      <UniqueIdentifier>{5490233b-833f-49c9-a7bb-ef5c791eb3e1}</UniqueIdentifier>
    </Filter>
    <Filter Include="Header Files\Elementarne">
      <UniqueIdentifier>{556d4ff6-7d6e-4166-96ca-f8ee712761f7}</UniqueIdentifier>
    </Filter>
    <Filter Include="Header Files\Elementarne\KulaG">
      <UniqueIdentifier>{b64c80a0-16f0-43c1-b5ba-507518490f2e}</UniqueIdentifier>
    </Filter>
    <Filter Include="Header Files\Elementarne\SzescianG">
      <UniqueIdentifier>{a9a4a2aa-2336-48f2-b63b-3e6681edb159}</UniqueIdentifier>
    </Filter>
    <Filter Include="Source Files\Elementarne">
      <UniqueIdentifier>{36f22dfe-030b-413c-8ea8-858c5b5a53cf}</UniqueIdentifier>
    </Filter>
    <Filter Include="Source Files\Elementarne\KulaG">
      <UniqueIdentifier>{21a0a3d4-9e71-443e-9df7-a232ab0d3b8c}</UniqueIdentifier>
    </Filter>
    <Filter Include="Source Files\Elementarne\SzescianG">
      <UniqueIdentifier>{d1646738-4d2c-4c01-baba-155cd9d9cd79}</UniqueIdentifier>
    </Filter>
    <Filter Include="Header Files\Elementarne\WalecG">
      <UniqueIdentifier>{b1f5e6f2-de1b-4f37-9aeb-204e38389674}</UniqueIdentifier>
    </Filter>
    <Filter Include="Source Files\Elementarne\WalecG">
      <UniqueIdentifier>{12b3f159-b8a4-47de-b135-10bb10238cc9}</UniqueIdentifier>
    </Filter>
    <Filter Include="Header Files\Elementarne\PierscienG">
      <UniqueIdentifier>{d417016c-ceb2-4ba6-9995-0a475c7425b6}</UniqueIdentifier>
    </Filter>
    <Filter Include="Source Files\Elementarne\PierscienG">
      <UniqueIdentifier>{d918b396-d003-4ff1-adf9-b2160788575e}</UniqueIdentifier>
    </Filter>
    <Filter Include="Header Files\Elementy">
      <UniqueIdentifier>{f84e69ad-875e-4bd2-af02-9e48b66ed4df}</UniqueIdentifier>
    </Filter>
    <Filter Include="Source Files\Elementy">
      <UniqueIdentifier>{a539d4ab-e4b6-4b52-ae7f-9b792b21be3f}</UniqueIdentifier>
    </Filter>
    <Filter Include="Header Files\Elementy\GlownaKamera">
      <UniqueIdentifier>{95acef2a-d222-4bbb-9916-f56315bffa4b}</UniqueIdentifier>
    </Filter>
    <Filter Include="Header Files\Elementarne\TrapezProstG">
      <UniqueIdentifier>{cf16e76f-b71e-4a4c-ad96-7a4aaeacf943}</UniqueIdentifier>
    </Filter>
    <Filter Include="Source Files\Elementarne\ScianaG">
      <UniqueIdentifier>{6025a6cd-248e-4715-99ec-e6d5f8a00a26}</UniqueIdentifier>
    </Filter>
    <Filter Include="Source Files\Elementarne\TrapezRownoramiennyG">
      <UniqueIdentifier>{4bd9b4ab-2536-4039-8df4-afeb8c212bed}</UniqueIdentifier>
    </Filter>
    <Filter Include="Source Files\Elementarne\Icosphere42">
      <UniqueIdentifier>{78463f77-7a4c-45b4-8fd7-dd0309ffa97f}</UniqueIdentifier>
    </Filter>
    <Filter Include="Header Files\Elementarne\Icosphere42">
      <UniqueIdentifier>{9dd32a54-13f0-4178-b003-5675fc19e05b}</UniqueIdentifier>
    </Filter>
    <Filter Include="Header Files\PhysicsEngine">
      <UniqueIdentifier>{e2f3d7be-32d8-4794-b4b5-bf90a003100f}</UniqueIdentifier>
    </Filter>
    <Filter Include="Header Files\Sceny">
      <UniqueIdentifier>{6654373e-1f4a-4551-96e6-cd06fe3f3dae}</UniqueIdentifier>
    </Filter>
  </ItemGroup>
  <ItemGroup>
    <ClInclude Include="stdafx.h">
      <Filter>Header Files</Filter>
    </ClInclude>
    <ClInclude Include="targetver.h">
      <Filter>Header Files</Filter>
    </ClInclude>
    <ClInclude Include="Resource.h">
      <Filter>Header Files</Filter>
    </ClInclude>
    <ClInclude Include="grafika-lazik.h">
      <Filter>Header Files</Filter>
    </ClInclude>
    <ClInclude Include="ViewEngine.h">
      <Filter>Header Files\ViewEngine</Filter>
    </ClInclude>
    <ClInclude Include="SceneObject.h">
      <Filter>Header Files\ViewEngine</Filter>
    </ClInclude>
    <ClInclude Include="SzescianG.h">
      <Filter>Header Files\Elementarne\SzescianG</Filter>
    </ClInclude>
    <ClInclude Include="KulaG.h">
      <Filter>Header Files\Elementarne\KulaG</Filter>
    </ClInclude>
    <ClInclude Include="Axes.h">
      <Filter>Header Files\ViewEngine</Filter>
    </ClInclude>
    <ClInclude Include="Vector3.h">
      <Filter>Header Files\ViewEngine</Filter>
    </ClInclude>
    <ClInclude Include="WalecG.h">
      <Filter>Header Files\Elementarne\WalecG</Filter>
    </ClInclude>
    <ClInclude Include="PierscienG.h">
      <Filter>Header Files\Elementarne\PierscienG</Filter>
    </ClInclude>
    <ClInclude Include="GlownaKamera.h">
      <Filter>Header Files\Elementy\GlownaKamera</Filter>
    </ClInclude>
    <ClInclude Include="ScianaG.h">
      <Filter>Header Files\Elementarne</Filter>
    </ClInclude>
    <ClInclude Include="BrylaGlowna.h">
      <Filter>Header Files\Elementy</Filter>
    </ClInclude>
    <ClInclude Include="TrapezRownoramiennyG.h">
      <Filter>Header Files\Elementarne\TrapezProstG</Filter>
    </ClInclude>
    <ClInclude Include="Pojemnik.h">
      <Filter>Header Files\Elementy</Filter>
    </ClInclude>
    <ClInclude Include="Lazik.h">
      <Filter>Header Files\Elementy</Filter>
    </ClInclude>
    <ClInclude Include="Rama.h">
      <Filter>Header Files\Elementy</Filter>
    </ClInclude>
    <ClInclude Include="Kolo.h">
      <Filter>Header Files</Filter>
    </ClInclude>
    <ClInclude Include="Powierzchnia.h">
      <Filter>Header Files</Filter>
    </ClInclude>
    <ClInclude Include="FastNoise.h">
      <Filter>Header Files</Filter>
    </ClInclude>
    <ClInclude Include="Icosphere42.h">
      <Filter>Header Files\Elementarne\Icosphere42</Filter>
    </ClInclude>
    <ClInclude Include="Kamien.h">
      <Filter>Header Files</Filter>
    </ClInclude>
    <ClInclude Include="Stacja.h">
      <Filter>Header Files</Filter>
    </ClInclude>
    <ClInclude Include="Physics.h">
      <Filter>Header Files\PhysicsEngine</Filter>
    </ClInclude>
    <ClInclude Include="PhysicsEngine.h">
      <Filter>Header Files\PhysicsEngine</Filter>
    </ClInclude>
    <ClInclude Include="Force.h">
      <Filter>Header Files</Filter>
    </ClInclude>
    <ClInclude Include="PhysicsConfig.h">
      <Filter>Header Files\PhysicsEngine</Filter>
    </ClInclude>
    <ClInclude Include="BoundingBox.h">
      <Filter>Header Files</Filter>
    </ClInclude>
    <ClInclude Include="Scena.h">
      <Filter>Header Files\Sceny</Filter>
    </ClInclude>
    <ClInclude Include="ScenaTestFiz.h">
      <Filter>Header Files\Sceny</Filter>
    </ClInclude>
    <ClInclude Include="ViewEngine_defs.h">
      <Filter>Header Files\ViewEngine</Filter>
    </ClInclude>
  </ItemGroup>
  <ItemGroup>
    <ClCompile Include="stdafx.cpp">
      <Filter>Source Files</Filter>
    </ClCompile>
    <ClCompile Include="grafika-lazik.cpp">
      <Filter>Source Files</Filter>
    </ClCompile>
    <ClCompile Include="KulaG.cpp">
      <Filter>Source Files\Elementarne\KulaG</Filter>
    </ClCompile>
    <ClCompile Include="SzescianG.cpp">
      <Filter>Source Files\Elementarne\SzescianG</Filter>
    </ClCompile>
    <ClCompile Include="ViewEngine.cpp">
      <Filter>Source Files\ViewEngine</Filter>
    </ClCompile>
    <ClCompile Include="Axes.cpp">
      <Filter>Source Files\ViewEngine</Filter>
    </ClCompile>
    <ClCompile Include="WalecG.cpp">
      <Filter>Source Files\Elementarne\WalecG</Filter>
    </ClCompile>
    <ClCompile Include="PierscienG.cpp">
      <Filter>Source Files\Elementarne\PierscienG</Filter>
    </ClCompile>
    <ClCompile Include="SceneObject.cpp">
      <Filter>Source Files\ViewEngine</Filter>
    </ClCompile>
    <ClCompile Include="TrapezRownoramiennyG.cpp">
      <Filter>Source Files\Elementarne\TrapezRownoramiennyG</Filter>
    </ClCompile>
    <ClCompile Include="ScianaG.cpp">
      <Filter>Source Files\Elementarne\ScianaG</Filter>
    </ClCompile>
    <ClCompile Include="Powierzchnia.cpp">
      <Filter>Source Files</Filter>
    </ClCompile>
    <ClCompile Include="FastNoise.cpp">
      <Filter>Source Files</Filter>
    </ClCompile>
    <ClCompile Include="Icosphere42.cpp">
      <Filter>Source Files\Elementarne\Icosphere42</Filter>
    </ClCompile>
    <ClCompile Include="Kamien.cpp">
      <Filter>Source Files</Filter>
    </ClCompile>
    <ClCompile Include="Stacja.cpp">
      <Filter>Source Files</Filter>
    </ClCompile>
    <ClCompile Include="Physics.cpp">
      <Filter>Source Files</Filter>
    </ClCompile>
    <ClCompile Include="PhysicsEngine.cpp">
      <Filter>Source Files</Filter>
    </ClCompile>
    <ClCompile Include="Force.cpp">
      <Filter>Source Files</Filter>
    </ClCompile>
    <ClCompile Include="PhysicsConfig.cpp">
      <Filter>Source Files</Filter>
    </ClCompile>
    <ClCompile Include="BoundingBox.cpp">
      <Filter>Source Files</Filter>
    </ClCompile>
    <ClCompile Include="Lazik.cpp">
      <Filter>Source Files\Elementy</Filter>
    </ClCompile>
    <ClCompile Include="GlownaKamera.cpp">
      <Filter>Source Files\Elementy</Filter>
    </ClCompile>
    <ClCompile Include="BrylaGlowna.cpp">
      <Filter>Source Files\Elementy</Filter>
    </ClCompile>
    <ClCompile Include="Pojemnik.cpp">
      <Filter>Source Files\Elementy</Filter>
    </ClCompile>
    <ClCompile Include="Rama.cpp">
      <Filter>Source Files\Elementy</Filter>
    </ClCompile>
  </ItemGroup>
  <ItemGroup>
    <ResourceCompile Include="grafika-lazik.rc">
      <Filter>Resource Files</Filter>
    </ResourceCompile>
  </ItemGroup>
  <ItemGroup>
    <Image Include="small.ico">
      <Filter>Resource Files</Filter>
    </Image>
    <Image Include="grafika-lazik.ico">
      <Filter>Resource Files</Filter>
    </Image>
  </ItemGroup>
</Project>